
Microsoft Visual Studio Solution File, Format Version 12.00
# Visual Studio Version 16
VisualStudioVersion = 16.0.30907.101
MinimumVisualStudioVersion = 10.0.40219.1
Project("{FAE04EC0-301F-11D3-BF4B-00C04F79EFBC}") = "MyDictionary", "MyDictionary\MyDictionary.csproj", "{BFA3CF90-C1AF-4DF8-9BA0-575CFEB30D36}"
EndProject
Global
	GlobalSection(SolutionConfigurationPlatforms) = preSolution
		Debug|Any CPU = Debug|Any CPU
		Release|Any CPU = Release|Any CPU
	EndGlobalSection
	GlobalSection(ProjectConfigurationPlatforms) = postSolution
		{BFA3CF90-C1AF-4DF8-9BA0-575CFEB30D36}.Debug|Any CPU.ActiveCfg = Debug|Any CPU
		{BFA3CF90-C1AF-4DF8-9BA0-575CFEB30D36}.Debug|Any CPU.Build.0 = Debug|Any CPU
		{BFA3CF90-C1AF-4DF8-9BA0-575CFEB30D36}.Release|Any CPU.ActiveCfg = Release|Any CPU
		{BFA3CF90-C1AF-4DF8-9BA0-575CFEB30D36}.Release|Any CPU.Build.0 = Release|Any CPU
	EndGlobalSection
	GlobalSection(SolutionProperties) = preSolution
		HideSolutionNode = FALSE
	EndGlobalSection
	GlobalSection(ExtensibilityGlobals) = postSolution
		SolutionGuid = {48CA9054-17EA-427A-B499-051A79E0E429}
	EndGlobalSection
EndGlobal
